
Microsoft Visual Studio Solution File, Format Version 12.00
# Visual Studio 15
VisualStudioVersion = 15.0.28307.489
MinimumVisualStudioVersion = 10.0.40219.1
Project("{8BC9CEB8-8B4A-11D0-8D11-00A0C91BC942}") = "xTGA", "xTGA\xTGA.vcxproj", "{38B24447-A9D3-41EE-B322-AFDA679C1F57}"
EndProject
Global
	GlobalSection(SolutionConfigurationPlatforms) = preSolution
		Debug DLL|x64 = Debug DLL|x64
		Debug DLL|x86 = Debug DLL|x86
		Debug Static Library|x64 = Debug Static Library|x64
		Debug Static Library|x86 = Debug Static Library|x86
		Release DLL|x64 = Release DLL|x64
		Release DLL|x86 = Release DLL|x86
		Release Static Library|x64 = Release Static Library|x64
		Release Static Library|x86 = Release Static Library|x86
	EndGlobalSection
	GlobalSection(ProjectConfigurationPlatforms) = postSolution
		{38B24447-A9D3-41EE-B322-AFDA679C1F57}.Debug DLL|x64.ActiveCfg = Debug DLL|x64
		{38B24447-A9D3-41EE-B322-AFDA679C1F57}.Debug DLL|x64.Build.0 = Debug DLL|x64
		{38B24447-A9D3-41EE-B322-AFDA679C1F57}.Debug DLL|x86.ActiveCfg = Debug DLL|Win32
		{38B24447-A9D3-41EE-B322-AFDA679C1F57}.Debug DLL|x86.Build.0 = Debug DLL|Win32
		{38B24447-A9D3-41EE-B322-AFDA679C1F57}.Debug Static Library|x64.ActiveCfg = Debug Static Library|x64
		{38B24447-A9D3-41EE-B322-AFDA679C1F57}.Debug Static Library|x64.Build.0 = Debug Static Library|x64
		{38B24447-A9D3-41EE-B322-AFDA679C1F57}.Debug Static Library|x86.ActiveCfg = Debug Static Library|Win32
		{38B24447-A9D3-41EE-B322-AFDA679C1F57}.Debug Static Library|x86.Build.0 = Debug Static Library|Win32
		{38B24447-A9D3-41EE-B322-AFDA679C1F57}.Release DLL|x64.ActiveCfg = Release DLL|x64
		{38B24447-A9D3-41EE-B322-AFDA679C1F57}.Release DLL|x64.Build.0 = Release DLL|x64
		{38B24447-A9D3-41EE-B322-AFDA679C1F57}.Release DLL|x86.ActiveCfg = Release DLL|Win32
		{38B24447-A9D3-41EE-B322-AFDA679C1F57}.Release DLL|x86.Build.0 = Release DLL|Win32
		{38B24447-A9D3-41EE-B322-AFDA679C1F57}.Release Static Library|x64.ActiveCfg = Release Static Library|x64
		{38B24447-A9D3-41EE-B322-AFDA679C1F57}.Release Static Library|x64.Build.0 = Release Static Library|x64
		{38B24447-A9D3-41EE-B322-AFDA679C1F57}.Release Static Library|x86.ActiveCfg = Release Static Library|Win32
		{38B24447-A9D3-41EE-B322-AFDA679C1F57}.Release Static Library|x86.Build.0 = Release Static Library|Win32
	EndGlobalSection
	GlobalSection(SolutionProperties) = preSolution
		HideSolutionNode = FALSE
	EndGlobalSection
	GlobalSection(ExtensibilityGlobals) = postSolution
		SolutionGuid = {2677C1C7-A25C-427D-A360-33A0C0378F99}
	EndGlobalSection
EndGlobal
